// !$*UTF8*$!
{
	archiveVersion = 1;
	classes = {
	};
	objectVersion = 46;
	objects = {

/* Begin PBXBuildFile section */
		06D9F03A57B94F31EB9857C8 /* Pods_SambaTechMoviedUITests.framework in Frameworks */ = {isa = PBXBuildFile; fileRef = B1FEE70F59355C7E99FB30D4 /* Pods_SambaTechMoviedUITests.framework */; };
		0BD49BAD7804B0140B3CE7D5 /* Pods_SambaTechMoviedTests.framework in Frameworks */ = {isa = PBXBuildFile; fileRef = FF7C57A91EAEACD2C7939922 /* Pods_SambaTechMoviedTests.framework */; };
		6EBC441FAE969F1EEBC0B2E9 /* Pods_SambaTechMovied.framework in Frameworks */ = {isa = PBXBuildFile; fileRef = D321A1928A2F7E39E2FACCDF /* Pods_SambaTechMovied.framework */; };
		8131EE801C86FE0B000EADD2 /* RestMovie.swift in Sources */ = {isa = PBXBuildFile; fileRef = 8131EE7F1C86FE0B000EADD2 /* RestMovie.swift */; };
		8131EE821C870338000EADD2 /* Movie.storyboard in Resources */ = {isa = PBXBuildFile; fileRef = 8131EE811C870338000EADD2 /* Movie.storyboard */; };
		B120CBCB1C8791EA0051A42B /* LaunchScreen.storyboard in Resources */ = {isa = PBXBuildFile; fileRef = B120CBC71C8791EA0051A42B /* LaunchScreen.storyboard */; };
		B120CBCC1C8791EA0051A42B /* Main.storyboard in Resources */ = {isa = PBXBuildFile; fileRef = B120CBC91C8791EA0051A42B /* Main.storyboard */; };
		B120CBD01C8797480051A42B /* cellCategory.swift in Sources */ = {isa = PBXBuildFile; fileRef = B120CBCF1C8797480051A42B /* cellCategory.swift */; };
		B120CBD41C879DD40051A42B /* FactoryStoryboard.swift in Sources */ = {isa = PBXBuildFile; fileRef = B120CBD31C879DD40051A42B /* FactoryStoryboard.swift */; };
		B120CBD61C87A1980051A42B /* DetailMovieViewController.swift in Sources */ = {isa = PBXBuildFile; fileRef = B120CBD51C87A1980051A42B /* DetailMovieViewController.swift */; };
		B120CBD81C87C8AF0051A42B /* Util.swift in Sources */ = {isa = PBXBuildFile; fileRef = B120CBD71C87C8AF0051A42B /* Util.swift */; };
		B120CBDC1C87D6A50051A42B /* UIColor+Hex.swift in Sources */ = {isa = PBXBuildFile; fileRef = B120CBD91C87D6A50051A42B /* UIColor+Hex.swift */; };
		B120CBDD1C87D6A50051A42B /* UtilColors.swift in Sources */ = {isa = PBXBuildFile; fileRef = B120CBDA1C87D6A50051A42B /* UtilColors.swift */; };
		B120CBDE1C87D6A50051A42B /* UtilFont.swift in Sources */ = {isa = PBXBuildFile; fileRef = B120CBDB1C87D6A50051A42B /* UtilFont.swift */; };
		B13942A31CDABF9B009B0C9D /* Posters.swift in Sources */ = {isa = PBXBuildFile; fileRef = B13942A21CDABF9B009B0C9D /* Posters.swift */; };
		B13942A51CDAC18C009B0C9D /* Backdrop.swift in Sources */ = {isa = PBXBuildFile; fileRef = B13942A41CDAC18C009B0C9D /* Backdrop.swift */; };
		B13942A71CDAC1E2009B0C9D /* TOPhoto.swift in Sources */ = {isa = PBXBuildFile; fileRef = B13942A61CDAC1E2009B0C9D /* TOPhoto.swift */; };
		B13942A91CDAD366009B0C9D /* ViewImagesController.swift in Sources */ = {isa = PBXBuildFile; fileRef = B13942A81CDAD366009B0C9D /* ViewImagesController.swift */; };
		B169A5881C865672000A2111 /* AppDelegate.swift in Sources */ = {isa = PBXBuildFile; fileRef = B169A5871C865672000A2111 /* AppDelegate.swift */; };
		B169A58A1C865672000A2111 /* ViewController.swift in Sources */ = {isa = PBXBuildFile; fileRef = B169A5891C865672000A2111 /* ViewController.swift */; };
		B169A58F1C865672000A2111 /* Assets.xcassets in Resources */ = {isa = PBXBuildFile; fileRef = B169A58E1C865672000A2111 /* Assets.xcassets */; };
		B169A59D1C865675000A2111 /* SambaTechMoviedTests.swift in Sources */ = {isa = PBXBuildFile; fileRef = B169A59C1C865675000A2111 /* SambaTechMoviedTests.swift */; };
		B169A5A81C865675000A2111 /* SambaTechMoviedUITests.swift in Sources */ = {isa = PBXBuildFile; fileRef = B169A5A71C865675000A2111 /* SambaTechMoviedUITests.swift */; };
		B169A5BF1C866A35000A2111 /* Settings.swift in Sources */ = {isa = PBXBuildFile; fileRef = B169A5BE1C866A35000A2111 /* Settings.swift */; };
		B169A5C11C866B81000A2111 /* Images.swift in Sources */ = {isa = PBXBuildFile; fileRef = B169A5C01C866B81000A2111 /* Images.swift */; };
		B169A5C51C866F3A000A2111 /* TOMovieLIst.swift in Sources */ = {isa = PBXBuildFile; fileRef = B169A5C41C866F3A000A2111 /* TOMovieLIst.swift */; };
		B169A5C71C867022000A2111 /* Movie.swift in Sources */ = {isa = PBXBuildFile; fileRef = B169A5C61C867022000A2111 /* Movie.swift */; };
		B169A5C91C8673A7000A2111 /* DetailMovie.swift in Sources */ = {isa = PBXBuildFile; fileRef = B169A5C81C8673A7000A2111 /* DetailMovie.swift */; };
		B169A5CB1C867832000A2111 /* Genre.swift in Sources */ = {isa = PBXBuildFile; fileRef = B169A5CA1C867832000A2111 /* Genre.swift */; };
		B169A5CD1C867901000A2111 /* ProductionCompanie.swift in Sources */ = {isa = PBXBuildFile; fileRef = B169A5CC1C867901000A2111 /* ProductionCompanie.swift */; };
		B169A5CF1C8679A2000A2111 /* ProductionCountrie.swift in Sources */ = {isa = PBXBuildFile; fileRef = B169A5CE1C8679A2000A2111 /* ProductionCountrie.swift */; };
		B169A5D11C867A64000A2111 /* SpokenLanguage.swift in Sources */ = {isa = PBXBuildFile; fileRef = B169A5D01C867A64000A2111 /* SpokenLanguage.swift */; };
		B176C90F1C88E64F00CDF064 /* UtilNetwork.swift in Sources */ = {isa = PBXBuildFile; fileRef = B176C90E1C88E64F00CDF064 /* UtilNetwork.swift */; };
		B176C9121C88FBA500CDF064 /* TOTrailer.swift in Sources */ = {isa = PBXBuildFile; fileRef = B176C9111C88FBA400CDF064 /* TOTrailer.swift */; };
		B176C9141C88FBB900CDF064 /* Trailer.swift in Sources */ = {isa = PBXBuildFile; fileRef = B176C9131C88FBB900CDF064 /* Trailer.swift */; };
		B176C9161C88FEBF00CDF064 /* TrailerTableViewController.swift in Sources */ = {isa = PBXBuildFile; fileRef = B176C9151C88FEBF00CDF064 /* TrailerTableViewController.swift */; };
		B176C9181C88FEE900CDF064 /* TrailerTableViewCell.swift in Sources */ = {isa = PBXBuildFile; fileRef = B176C9171C88FEE900CDF064 /* TrailerTableViewCell.swift */; };
		B176C91A1C89064300CDF064 /* TrailherWebViewViewController.swift in Sources */ = {isa = PBXBuildFile; fileRef = B176C9191C89064300CDF064 /* TrailherWebViewViewController.swift */; };
		B192B14F1CE11855004223E3 /* teste.m in Sources */ = {isa = PBXBuildFile; fileRef = B192B14E1CE11855004223E3 /* teste.m */; };
		B1C728881CE1291C0085E341 /* PhotosCollectionViewController.swift in Sources */ = {isa = PBXBuildFile; fileRef = B1C728871CE1291C0085E341 /* PhotosCollectionViewController.swift */; };
		B1F3D3791C95BD6600B33728 /* UtilDate.swift in Sources */ = {isa = PBXBuildFile; fileRef = B1F3D3781C95BD6600B33728 /* UtilDate.swift */; };
/* End PBXBuildFile section */

/* Begin PBXContainerItemProxy section */
		B169A5991C865675000A2111 /* PBXContainerItemProxy */ = {
			isa = PBXContainerItemProxy;
			containerPortal = B169A57C1C865671000A2111 /* Project object */;
			proxyType = 1;
			remoteGlobalIDString = B169A5831C865672000A2111;
			remoteInfo = SambaTechMovied;
		};
		B169A5A41C865675000A2111 /* PBXContainerItemProxy */ = {
			isa = PBXContainerItemProxy;
			containerPortal = B169A57C1C865671000A2111 /* Project object */;
			proxyType = 1;
			remoteGlobalIDString = B169A5831C865672000A2111;
			remoteInfo = SambaTechMovied;
		};
/* End PBXContainerItemProxy section */

/* Begin PBXFileReference section */
		10C0B83C749CB3477AD8D694 /* Pods-SambaTechMoviedUITests.release.xcconfig */ = {isa = PBXFileReference; includeInIndex = 1; lastKnownFileType = text.xcconfig; name = "Pods-SambaTechMoviedUITests.release.xcconfig"; path = "Pods/Target Support Files/Pods-SambaTechMoviedUITests/Pods-SambaTechMoviedUITests.release.xcconfig"; sourceTree = "<group>"; };
		19EEC04C2835CCCD90ABF457 /* Pods-SambaTechMoviedUITests.debug.xcconfig */ = {isa = PBXFileReference; includeInIndex = 1; lastKnownFileType = text.xcconfig; name = "Pods-SambaTechMoviedUITests.debug.xcconfig"; path = "Pods/Target Support Files/Pods-SambaTechMoviedUITests/Pods-SambaTechMoviedUITests.debug.xcconfig"; sourceTree = "<group>"; };
		45D10C52FEAB2E3A9F28E409 /* Pods-SambaTechMovied.debug.xcconfig */ = {isa = PBXFileReference; includeInIndex = 1; lastKnownFileType = text.xcconfig; name = "Pods-SambaTechMovied.debug.xcconfig"; path = "Pods/Target Support Files/Pods-SambaTechMovied/Pods-SambaTechMovied.debug.xcconfig"; sourceTree = "<group>"; };
		54D5ECCEE6E0EFB9B091F399 /* Pods-SambaTechMoviedTests.release.xcconfig */ = {isa = PBXFileReference; includeInIndex = 1; lastKnownFileType = text.xcconfig; name = "Pods-SambaTechMoviedTests.release.xcconfig"; path = "Pods/Target Support Files/Pods-SambaTechMoviedTests/Pods-SambaTechMoviedTests.release.xcconfig"; sourceTree = "<group>"; };
		6E4BFF3220D938E66CCC71E6 /* Pods-SambaTechMovied.release.xcconfig */ = {isa = PBXFileReference; includeInIndex = 1; lastKnownFileType = text.xcconfig; name = "Pods-SambaTechMovied.release.xcconfig"; path = "Pods/Target Support Files/Pods-SambaTechMovied/Pods-SambaTechMovied.release.xcconfig"; sourceTree = "<group>"; };
		8131EE7F1C86FE0B000EADD2 /* RestMovie.swift */ = {isa = PBXFileReference; fileEncoding = 4; lastKnownFileType = sourcecode.swift; name = RestMovie.swift; path = SambaTechMovied/ViewControllers/RestMovie.swift; sourceTree = SOURCE_ROOT; };
		8131EE811C870338000EADD2 /* Movie.storyboard */ = {isa = PBXFileReference; fileEncoding = 4; lastKnownFileType = file.storyboard; name = Movie.storyboard; path = SambaTechMovied/ViewControllers/Movie.storyboard; sourceTree = SOURCE_ROOT; };
		B120CBC81C8791EA0051A42B /* Base */ = {isa = PBXFileReference; lastKnownFileType = file.storyboard; name = Base; path = SambaTechMovied/Base.lproj/LaunchScreen.storyboard; sourceTree = SOURCE_ROOT; };
		B120CBCA1C8791EA0051A42B /* Base */ = {isa = PBXFileReference; lastKnownFileType = file.storyboard; name = Base; path = SambaTechMovied/Base.lproj/Main.storyboard; sourceTree = SOURCE_ROOT; };
		B120CBCF1C8797480051A42B /* cellCategory.swift */ = {isa = PBXFileReference; fileEncoding = 4; lastKnownFileType = sourcecode.swift; name = cellCategory.swift; path = SambaTechMovied/cellCategory.swift; sourceTree = SOURCE_ROOT; };
		B120CBD31C879DD40051A42B /* FactoryStoryboard.swift */ = {isa = PBXFileReference; fileEncoding = 4; lastKnownFileType = sourcecode.swift; name = FactoryStoryboard.swift; path = imagens/FactoryStoryboard.swift; sourceTree = SOURCE_ROOT; };
		B120CBD51C87A1980051A42B /* DetailMovieViewController.swift */ = {isa = PBXFileReference; fileEncoding = 4; lastKnownFileType = sourcecode.swift; path = DetailMovieViewController.swift; sourceTree = "<group>"; };
		B120CBD71C87C8AF0051A42B /* Util.swift */ = {isa = PBXFileReference; fileEncoding = 4; lastKnownFileType = sourcecode.swift; name = Util.swift; path = SambaTechMovied/ViewControllers/Util.swift; sourceTree = SOURCE_ROOT; };
		B120CBD91C87D6A50051A42B /* UIColor+Hex.swift */ = {isa = PBXFileReference; fileEncoding = 4; lastKnownFileType = sourcecode.swift; name = "UIColor+Hex.swift"; path = "SambaTechMovied/UIColor+Hex.swift"; sourceTree = SOURCE_ROOT; };
		B120CBDA1C87D6A50051A42B /* UtilColors.swift */ = {isa = PBXFileReference; fileEncoding = 4; lastKnownFileType = sourcecode.swift; name = UtilColors.swift; path = SambaTechMovied/UtilColors.swift; sourceTree = SOURCE_ROOT; };
		B120CBDB1C87D6A50051A42B /* UtilFont.swift */ = {isa = PBXFileReference; fileEncoding = 4; lastKnownFileType = sourcecode.swift; name = UtilFont.swift; path = SambaTechMovied/UtilFont.swift; sourceTree = SOURCE_ROOT; };
		B13942A21CDABF9B009B0C9D /* Posters.swift */ = {isa = PBXFileReference; fileEncoding = 4; lastKnownFileType = sourcecode.swift; path = Posters.swift; sourceTree = "<group>"; };
		B13942A41CDAC18C009B0C9D /* Backdrop.swift */ = {isa = PBXFileReference; fileEncoding = 4; lastKnownFileType = sourcecode.swift; path = Backdrop.swift; sourceTree = "<group>"; };
		B13942A61CDAC1E2009B0C9D /* TOPhoto.swift */ = {isa = PBXFileReference; fileEncoding = 4; lastKnownFileType = sourcecode.swift; path = TOPhoto.swift; sourceTree = "<group>"; };
		B13942A81CDAD366009B0C9D /* ViewImagesController.swift */ = {isa = PBXFileReference; fileEncoding = 4; lastKnownFileType = sourcecode.swift; path = ViewImagesController.swift; sourceTree = "<group>"; };
		B169A5841C865672000A2111 /* SambaTechMovied.app */ = {isa = PBXFileReference; explicitFileType = wrapper.application; includeInIndex = 0; path = SambaTechMovied.app; sourceTree = BUILT_PRODUCTS_DIR; };
		B169A5871C865672000A2111 /* AppDelegate.swift */ = {isa = PBXFileReference; lastKnownFileType = sourcecode.swift; path = AppDelegate.swift; sourceTree = "<group>"; };
		B169A5891C865672000A2111 /* ViewController.swift */ = {isa = PBXFileReference; lastKnownFileType = sourcecode.swift; path = ViewController.swift; sourceTree = "<group>"; };
		B169A58E1C865672000A2111 /* Assets.xcassets */ = {isa = PBXFileReference; lastKnownFileType = folder.assetcatalog; path = Assets.xcassets; sourceTree = "<group>"; };
		B169A5931C865672000A2111 /* Info.plist */ = {isa = PBXFileReference; lastKnownFileType = text.plist.xml; path = Info.plist; sourceTree = "<group>"; };
		B169A5981C865675000A2111 /* SambaTechMoviedTests.xctest */ = {isa = PBXFileReference; explicitFileType = wrapper.cfbundle; includeInIndex = 0; path = SambaTechMoviedTests.xctest; sourceTree = BUILT_PRODUCTS_DIR; };
		B169A59C1C865675000A2111 /* SambaTechMoviedTests.swift */ = {isa = PBXFileReference; lastKnownFileType = sourcecode.swift; path = SambaTechMoviedTests.swift; sourceTree = "<group>"; };
		B169A59E1C865675000A2111 /* Info.plist */ = {isa = PBXFileReference; lastKnownFileType = text.plist.xml; path = Info.plist; sourceTree = "<group>"; };
		B169A5A31C865675000A2111 /* SambaTechMoviedUITests.xctest */ = {isa = PBXFileReference; explicitFileType = wrapper.cfbundle; includeInIndex = 0; path = SambaTechMoviedUITests.xctest; sourceTree = BUILT_PRODUCTS_DIR; };
		B169A5A71C865675000A2111 /* SambaTechMoviedUITests.swift */ = {isa = PBXFileReference; lastKnownFileType = sourcecode.swift; path = SambaTechMoviedUITests.swift; sourceTree = "<group>"; };
		B169A5A91C865675000A2111 /* Info.plist */ = {isa = PBXFileReference; lastKnownFileType = text.plist.xml; path = Info.plist; sourceTree = "<group>"; };
		B169A5BE1C866A35000A2111 /* Settings.swift */ = {isa = PBXFileReference; fileEncoding = 4; lastKnownFileType = sourcecode.swift; path = Settings.swift; sourceTree = "<group>"; };
		B169A5C01C866B81000A2111 /* Images.swift */ = {isa = PBXFileReference; fileEncoding = 4; lastKnownFileType = sourcecode.swift; path = Images.swift; sourceTree = "<group>"; };
		B169A5C41C866F3A000A2111 /* TOMovieLIst.swift */ = {isa = PBXFileReference; fileEncoding = 4; lastKnownFileType = sourcecode.swift; path = TOMovieLIst.swift; sourceTree = "<group>"; };
		B169A5C61C867022000A2111 /* Movie.swift */ = {isa = PBXFileReference; fileEncoding = 4; lastKnownFileType = sourcecode.swift; path = Movie.swift; sourceTree = "<group>"; };
		B169A5C81C8673A7000A2111 /* DetailMovie.swift */ = {isa = PBXFileReference; fileEncoding = 4; lastKnownFileType = sourcecode.swift; path = DetailMovie.swift; sourceTree = "<group>"; };
		B169A5CA1C867832000A2111 /* Genre.swift */ = {isa = PBXFileReference; fileEncoding = 4; lastKnownFileType = sourcecode.swift; path = Genre.swift; sourceTree = "<group>"; };
		B169A5CC1C867901000A2111 /* ProductionCompanie.swift */ = {isa = PBXFileReference; fileEncoding = 4; lastKnownFileType = sourcecode.swift; path = ProductionCompanie.swift; sourceTree = "<group>"; };
		B169A5CE1C8679A2000A2111 /* ProductionCountrie.swift */ = {isa = PBXFileReference; fileEncoding = 4; lastKnownFileType = sourcecode.swift; path = ProductionCountrie.swift; sourceTree = "<group>"; };
		B169A5D01C867A64000A2111 /* SpokenLanguage.swift */ = {isa = PBXFileReference; fileEncoding = 4; lastKnownFileType = sourcecode.swift; path = SpokenLanguage.swift; sourceTree = "<group>"; };
		B176C90E1C88E64F00CDF064 /* UtilNetwork.swift */ = {isa = PBXFileReference; fileEncoding = 4; lastKnownFileType = sourcecode.swift; name = UtilNetwork.swift; path = SambaTechMovied/ViewControllers/UtilNetwork.swift; sourceTree = SOURCE_ROOT; };
		B176C9111C88FBA400CDF064 /* TOTrailer.swift */ = {isa = PBXFileReference; fileEncoding = 4; lastKnownFileType = sourcecode.swift; path = TOTrailer.swift; sourceTree = "<group>"; };
		B176C9131C88FBB900CDF064 /* Trailer.swift */ = {isa = PBXFileReference; fileEncoding = 4; lastKnownFileType = sourcecode.swift; path = Trailer.swift; sourceTree = "<group>"; };
		B176C9151C88FEBF00CDF064 /* TrailerTableViewController.swift */ = {isa = PBXFileReference; fileEncoding = 4; lastKnownFileType = sourcecode.swift; name = TrailerTableViewController.swift; path = SambaTechMovied/Model/TrailerTableViewController.swift; sourceTree = SOURCE_ROOT; };
		B176C9171C88FEE900CDF064 /* TrailerTableViewCell.swift */ = {isa = PBXFileReference; fileEncoding = 4; lastKnownFileType = sourcecode.swift; name = TrailerTableViewCell.swift; path = SambaTechMovied/Model/TrailerTableViewCell.swift; sourceTree = SOURCE_ROOT; };
		B176C9191C89064300CDF064 /* TrailherWebViewViewController.swift */ = {isa = PBXFileReference; fileEncoding = 4; lastKnownFileType = sourcecode.swift; path = TrailherWebViewViewController.swift; sourceTree = "<group>"; };
		B192B14C1CE11854004223E3 /* SambaTechMovied-Bridging-Header.h */ = {isa = PBXFileReference; lastKnownFileType = sourcecode.c.h; path = "SambaTechMovied-Bridging-Header.h"; sourceTree = "<group>"; };
		B192B14D1CE11855004223E3 /* teste.h */ = {isa = PBXFileReference; fileEncoding = 4; lastKnownFileType = sourcecode.c.h; path = teste.h; sourceTree = "<group>"; };
		B192B14E1CE11855004223E3 /* teste.m */ = {isa = PBXFileReference; fileEncoding = 4; lastKnownFileType = sourcecode.c.objc; path = teste.m; sourceTree = "<group>"; };
		B1C728871CE1291C0085E341 /* PhotosCollectionViewController.swift */ = {isa = PBXFileReference; fileEncoding = 4; lastKnownFileType = sourcecode.swift; path = PhotosCollectionViewController.swift; sourceTree = "<group>"; };
		B1F3D3781C95BD6600B33728 /* UtilDate.swift */ = {isa = PBXFileReference; fileEncoding = 4; lastKnownFileType = sourcecode.swift; name = UtilDate.swift; path = SambaTechMovied/UtilDate.swift; sourceTree = SOURCE_ROOT; };
		B1FEE70F59355C7E99FB30D4 /* Pods_SambaTechMoviedUITests.framework */ = {isa = PBXFileReference; explicitFileType = wrapper.framework; includeInIndex = 0; path = Pods_SambaTechMoviedUITests.framework; sourceTree = BUILT_PRODUCTS_DIR; };
		D321A1928A2F7E39E2FACCDF /* Pods_SambaTechMovied.framework */ = {isa = PBXFileReference; explicitFileType = wrapper.framework; includeInIndex = 0; path = Pods_SambaTechMovied.framework; sourceTree = BUILT_PRODUCTS_DIR; };
		E6F8D32E441377F1B28230DE /* Pods-SambaTechMoviedTests.debug.xcconfig */ = {isa = PBXFileReference; includeInIndex = 1; lastKnownFileType = text.xcconfig; name = "Pods-SambaTechMoviedTests.debug.xcconfig"; path = "Pods/Target Support Files/Pods-SambaTechMoviedTests/Pods-SambaTechMoviedTests.debug.xcconfig"; sourceTree = "<group>"; };
		FF7C57A91EAEACD2C7939922 /* Pods_SambaTechMoviedTests.framework */ = {isa = PBXFileReference; explicitFileType = wrapper.framework; includeInIndex = 0; path = Pods_SambaTechMoviedTests.framework; sourceTree = BUILT_PRODUCTS_DIR; };
/* End PBXFileReference section */

/* Begin PBXFrameworksBuildPhase section */
		B169A5811C865672000A2111 /* Frameworks */ = {
			isa = PBXFrameworksBuildPhase;
			buildActionMask = 2147483647;
			files = (
				6EBC441FAE969F1EEBC0B2E9 /* Pods_SambaTechMovied.framework in Frameworks */,
			);
			runOnlyForDeploymentPostprocessing = 0;
		};
		B169A5951C865675000A2111 /* Frameworks */ = {
			isa = PBXFrameworksBuildPhase;
			buildActionMask = 2147483647;
			files = (
				0BD49BAD7804B0140B3CE7D5 /* Pods_SambaTechMoviedTests.framework in Frameworks */,
			);
			runOnlyForDeploymentPostprocessing = 0;
		};
		B169A5A01C865675000A2111 /* Frameworks */ = {
			isa = PBXFrameworksBuildPhase;
			buildActionMask = 2147483647;
			files = (
				06D9F03A57B94F31EB9857C8 /* Pods_SambaTechMoviedUITests.framework in Frameworks */,
			);
			runOnlyForDeploymentPostprocessing = 0;
		};
/* End PBXFrameworksBuildPhase section */

/* Begin PBXGroup section */
		A0B2428F3ABBAD2241981721 /* Pods */ = {
			isa = PBXGroup;
			children = (
				45D10C52FEAB2E3A9F28E409 /* Pods-SambaTechMovied.debug.xcconfig */,
				6E4BFF3220D938E66CCC71E6 /* Pods-SambaTechMovied.release.xcconfig */,
				E6F8D32E441377F1B28230DE /* Pods-SambaTechMoviedTests.debug.xcconfig */,
				54D5ECCEE6E0EFB9B091F399 /* Pods-SambaTechMoviedTests.release.xcconfig */,
				19EEC04C2835CCCD90ABF457 /* Pods-SambaTechMoviedUITests.debug.xcconfig */,
				10C0B83C749CB3477AD8D694 /* Pods-SambaTechMoviedUITests.release.xcconfig */,
			);
			name = Pods;
			sourceTree = "<group>";
		};
		B169A57B1C865671000A2111 = {
			isa = PBXGroup;
			children = (
				B169A5861C865672000A2111 /* SambaTechMovied */,
				B169A59B1C865675000A2111 /* SambaTechMoviedTests */,
				B169A5A61C865675000A2111 /* SambaTechMoviedUITests */,
				B169A5851C865672000A2111 /* Products */,
				A0B2428F3ABBAD2241981721 /* Pods */,
				D30E7AF7265B8115C688D362 /* Frameworks */,
			);
			sourceTree = "<group>";
		};
		B169A5851C865672000A2111 /* Products */ = {
			isa = PBXGroup;
			children = (
				B169A5841C865672000A2111 /* SambaTechMovied.app */,
				B169A5981C865675000A2111 /* SambaTechMoviedTests.xctest */,
				B169A5A31C865675000A2111 /* SambaTechMoviedUITests.xctest */,
			);
			name = Products;
			sourceTree = "<group>";
		};
		B169A5861C865672000A2111 /* SambaTechMovied */ = {
			isa = PBXGroup;
			children = (
				B169A5871C865672000A2111 /* AppDelegate.swift */,
				B169A58E1C865672000A2111 /* Assets.xcassets */,
				B169A5B51C866804000A2111 /* Constants */,
				B169A5931C865672000A2111 /* Info.plist */,
				B169A5B61C866818000A2111 /* Model */,
				B169A5B71C866818000A2111 /* Storyboard */,
				B169A5B91C866818000A2111 /* Util */,
				B169A5891C865672000A2111 /* ViewController.swift */,
				B169A5BA1C866818000A2111 /* ViewControllers */,
				B169A5BD1C866818000A2111 /* WS */,
				B192B14D1CE11855004223E3 /* teste.h */,
				B192B14E1CE11855004223E3 /* teste.m */,
				B192B14C1CE11854004223E3 /* SambaTechMovied-Bridging-Header.h */,
			);
			path = SambaTechMovied;
			sourceTree = "<group>";
		};
		B169A59B1C865675000A2111 /* SambaTechMoviedTests */ = {
			isa = PBXGroup;
			children = (
				B169A59C1C865675000A2111 /* SambaTechMoviedTests.swift */,
				B169A59E1C865675000A2111 /* Info.plist */,
			);
			path = SambaTechMoviedTests;
			sourceTree = "<group>";
		};
		B169A5A61C865675000A2111 /* SambaTechMoviedUITests */ = {
			isa = PBXGroup;
			children = (
				B169A5A71C865675000A2111 /* SambaTechMoviedUITests.swift */,
				B169A5A91C865675000A2111 /* Info.plist */,
			);
			path = SambaTechMoviedUITests;
			sourceTree = "<group>";
		};
		B169A5B51C866804000A2111 /* Constants */ = {
			isa = PBXGroup;
			children = (
			);
			path = Constants;
			sourceTree = "<group>";
		};
		B169A5B61C866818000A2111 /* Model */ = {
			isa = PBXGroup;
			children = (
				B13942A41CDAC18C009B0C9D /* Backdrop.swift */,
				B169A5C81C8673A7000A2111 /* DetailMovie.swift */,
				B169A5CA1C867832000A2111 /* Genre.swift */,
				B169A5C01C866B81000A2111 /* Images.swift */,
				B169A5C61C867022000A2111 /* Movie.swift */,
				B13942A21CDABF9B009B0C9D /* Posters.swift */,
				B169A5CC1C867901000A2111 /* ProductionCompanie.swift */,
				B169A5CE1C8679A2000A2111 /* ProductionCountrie.swift */,
				B169A5BE1C866A35000A2111 /* Settings.swift */,
				B169A5D01C867A64000A2111 /* SpokenLanguage.swift */,
				B169A5C41C866F3A000A2111 /* TOMovieLIst.swift */,
				B13942A61CDAC1E2009B0C9D /* TOPhoto.swift */,
				B176C9111C88FBA400CDF064 /* TOTrailer.swift */,
				B176C9131C88FBB900CDF064 /* Trailer.swift */,
			);
			path = Model;
			sourceTree = "<group>";
		};
		B169A5B71C866818000A2111 /* Storyboard */ = {
			isa = PBXGroup;
			children = (
				B120CBC71C8791EA0051A42B /* LaunchScreen.storyboard */,
				B120CBC91C8791EA0051A42B /* Main.storyboard */,
				8131EE811C870338000EADD2 /* Movie.storyboard */,
				B120CBD31C879DD40051A42B /* FactoryStoryboard.swift */,
			);
			path = Storyboard;
			sourceTree = "<group>";
		};
		B169A5B91C866818000A2111 /* Util */ = {
			isa = PBXGroup;
			children = (
				B120CBD91C87D6A50051A42B /* UIColor+Hex.swift */,
				B120CBDA1C87D6A50051A42B /* UtilColors.swift */,
				B120CBDB1C87D6A50051A42B /* UtilFont.swift */,
				B120CBD71C87C8AF0051A42B /* Util.swift */,
				B176C90E1C88E64F00CDF064 /* UtilNetwork.swift */,
				B1F3D3781C95BD6600B33728 /* UtilDate.swift */,
			);
			path = Util;
			sourceTree = "<group>";
		};
		B169A5BA1C866818000A2111 /* ViewControllers */ = {
			isa = PBXGroup;
			children = (
				B13942A81CDAD366009B0C9D /* ViewImagesController.swift */,
				B169A5BB1C866818000A2111 /* Cells */,
				B169A5BC1C866818000A2111 /* TableViews */,
				B120CBD51C87A1980051A42B /* DetailMovieViewController.swift */,
				B176C9191C89064300CDF064 /* TrailherWebViewViewController.swift */,
				B1C728871CE1291C0085E341 /* PhotosCollectionViewController.swift */,
			);
			path = ViewControllers;
			sourceTree = "<group>";
		};
		B169A5BB1C866818000A2111 /* Cells */ = {
			isa = PBXGroup;
			children = (
				B120CBCF1C8797480051A42B /* cellCategory.swift */,
				B176C9171C88FEE900CDF064 /* TrailerTableViewCell.swift */,
			);
			path = Cells;
			sourceTree = "<group>";
		};
		B169A5BC1C866818000A2111 /* TableViews */ = {
			isa = PBXGroup;
			children = (
				B176C9151C88FEBF00CDF064 /* TrailerTableViewController.swift */,
			);
			path = TableViews;
			sourceTree = "<group>";
		};
		B169A5BD1C866818000A2111 /* WS */ = {
			isa = PBXGroup;
			children = (
				8131EE7F1C86FE0B000EADD2 /* RestMovie.swift */,
			);
			path = WS;
			sourceTree = "<group>";
		};
		D30E7AF7265B8115C688D362 /* Frameworks */ = {
			isa = PBXGroup;
			children = (
				D321A1928A2F7E39E2FACCDF /* Pods_SambaTechMovied.framework */,
				FF7C57A91EAEACD2C7939922 /* Pods_SambaTechMoviedTests.framework */,
				B1FEE70F59355C7E99FB30D4 /* Pods_SambaTechMoviedUITests.framework */,
			);
			name = Frameworks;
			sourceTree = "<group>";
		};
/* End PBXGroup section */

/* Begin PBXNativeTarget section */
		B169A5831C865672000A2111 /* SambaTechMovied */ = {
			isa = PBXNativeTarget;
			buildConfigurationList = B169A5AC1C865675000A2111 /* Build configuration list for PBXNativeTarget "SambaTechMovied" */;
			buildPhases = (
				BCB94AA8B71549FBEDA46A0F /* 📦 Check Pods Manifest.lock */,
				B169A5801C865672000A2111 /* Sources */,
				B169A5811C865672000A2111 /* Frameworks */,
				B169A5821C865672000A2111 /* Resources */,
				A6DCC296D25F5E125E51F228 /* 📦 Embed Pods Frameworks */,
				68C303E0DE2FD87B318D814F /* 📦 Copy Pods Resources */,
			);
			buildRules = (
			);
			dependencies = (
			);
			name = SambaTechMovied;
			productName = SambaTechMovied;
			productReference = B169A5841C865672000A2111 /* SambaTechMovied.app */;
			productType = "com.apple.product-type.application";
		};
		B169A5971C865675000A2111 /* SambaTechMoviedTests */ = {
			isa = PBXNativeTarget;
			buildConfigurationList = B169A5AF1C865675000A2111 /* Build configuration list for PBXNativeTarget "SambaTechMoviedTests" */;
			buildPhases = (
				25C1544C820A33BDB9E3E293 /* 📦 Check Pods Manifest.lock */,
				B169A5941C865675000A2111 /* Sources */,
				B169A5951C865675000A2111 /* Frameworks */,
				B169A5961C865675000A2111 /* Resources */,
				C09AC9495B67F2782E618866 /* 📦 Embed Pods Frameworks */,
				0E29B3A831F0846B24A506A0 /* 📦 Copy Pods Resources */,
			);
			buildRules = (
			);
			dependencies = (
				B169A59A1C865675000A2111 /* PBXTargetDependency */,
			);
			name = SambaTechMoviedTests;
			productName = SambaTechMoviedTests;
			productReference = B169A5981C865675000A2111 /* SambaTechMoviedTests.xctest */;
			productType = "com.apple.product-type.bundle.unit-test";
		};
		B169A5A21C865675000A2111 /* SambaTechMoviedUITests */ = {
			isa = PBXNativeTarget;
			buildConfigurationList = B169A5B21C865675000A2111 /* Build configuration list for PBXNativeTarget "SambaTechMoviedUITests" */;
			buildPhases = (
				9A5191F26BE77FE9500872E7 /* 📦 Check Pods Manifest.lock */,
				B169A59F1C865675000A2111 /* Sources */,
				B169A5A01C865675000A2111 /* Frameworks */,
				B169A5A11C865675000A2111 /* Resources */,
				30295D3DC77E8D9674E3597F /* 📦 Copy Pods Resources */,
			);
			buildRules = (
			);
			dependencies = (
				B169A5A51C865675000A2111 /* PBXTargetDependency */,
			);
			name = SambaTechMoviedUITests;
			productName = SambaTechMoviedUITests;
			productReference = B169A5A31C865675000A2111 /* SambaTechMoviedUITests.xctest */;
			productType = "com.apple.product-type.bundle.ui-testing";
		};
/* End PBXNativeTarget section */

/* Begin PBXProject section */
		B169A57C1C865671000A2111 /* Project object */ = {
			isa = PBXProject;
			attributes = {
				LastSwiftUpdateCheck = 0730;
				LastUpgradeCheck = 0720;
				ORGANIZATIONNAME = SambaTech;
				TargetAttributes = {
					B169A5831C865672000A2111 = {
						CreatedOnToolsVersion = 7.2.1;
						DevelopmentTeam = XJ6H4ER29F;
					};
					B169A5971C865675000A2111 = {
						CreatedOnToolsVersion = 7.2.1;
						TestTargetID = B169A5831C865672000A2111;
					};
					B169A5A21C865675000A2111 = {
						CreatedOnToolsVersion = 7.2.1;
						TestTargetID = B169A5831C865672000A2111;
					};
				};
			};
			buildConfigurationList = B169A57F1C865671000A2111 /* Build configuration list for PBXProject "SambaTechMovied" */;
			compatibilityVersion = "Xcode 3.2";
			developmentRegion = English;
			hasScannedForEncodings = 0;
			knownRegions = (
				en,
				Base,
			);
			mainGroup = B169A57B1C865671000A2111;
			productRefGroup = B169A5851C865672000A2111 /* Products */;
			projectDirPath = "";
			projectRoot = "";
			targets = (
				B169A5831C865672000A2111 /* SambaTechMovied */,
				B169A5971C865675000A2111 /* SambaTechMoviedTests */,
				B169A5A21C865675000A2111 /* SambaTechMoviedUITests */,
			);
		};
/* End PBXProject section */

/* Begin PBXResourcesBuildPhase section */
		B169A5821C865672000A2111 /* Resources */ = {
			isa = PBXResourcesBuildPhase;
			buildActionMask = 2147483647;
			files = (
				B120CBCB1C8791EA0051A42B /* LaunchScreen.storyboard in Resources */,
				B169A58F1C865672000A2111 /* Assets.xcassets in Resources */,
				8131EE821C870338000EADD2 /* Movie.storyboard in Resources */,
				B120CBCC1C8791EA0051A42B /* Main.storyboard in Resources */,
			);
			runOnlyForDeploymentPostprocessing = 0;
		};
		B169A5961C865675000A2111 /* Resources */ = {
			isa = PBXResourcesBuildPhase;
			buildActionMask = 2147483647;
			files = (
			);
			runOnlyForDeploymentPostprocessing = 0;
		};
		B169A5A11C865675000A2111 /* Resources */ = {
			isa = PBXResourcesBuildPhase;
			buildActionMask = 2147483647;
			files = (
			);
			runOnlyForDeploymentPostprocessing = 0;
		};
/* End PBXResourcesBuildPhase section */

/* Begin PBXShellScriptBuildPhase section */
		0E29B3A831F0846B24A506A0 /* 📦 Copy Pods Resources */ = {
			isa = PBXShellScriptBuildPhase;
			buildActionMask = 2147483647;
			files = (
			);
			inputPaths = (
			);
			name = "📦 Copy Pods Resources";
			outputPaths = (
			);
			runOnlyForDeploymentPostprocessing = 0;
			shellPath = /bin/sh;
			shellScript = "\"${SRCROOT}/Pods/Target Support Files/Pods-SambaTechMoviedTests/Pods-SambaTechMoviedTests-resources.sh\"\n";
			showEnvVarsInLog = 0;
		};
		25C1544C820A33BDB9E3E293 /* 📦 Check Pods Manifest.lock */ = {
			isa = PBXShellScriptBuildPhase;
			buildActionMask = 2147483647;
			files = (
			);
			inputPaths = (
			);
			name = "📦 Check Pods Manifest.lock";
			outputPaths = (
			);
			runOnlyForDeploymentPostprocessing = 0;
			shellPath = /bin/sh;
			shellScript = "diff \"${PODS_ROOT}/../Podfile.lock\" \"${PODS_ROOT}/Manifest.lock\" > /dev/null\nif [[ $? != 0 ]] ; then\n    cat << EOM\nerror: The sandbox is not in sync with the Podfile.lock. Run 'pod install' or update your CocoaPods installation.\nEOM\n    exit 1\nfi\n";
			showEnvVarsInLog = 0;
		};
		30295D3DC77E8D9674E3597F /* 📦 Copy Pods Resources */ = {
			isa = PBXShellScriptBuildPhase;
			buildActionMask = 2147483647;
			files = (
			);
			inputPaths = (
			);
			name = "📦 Copy Pods Resources";
			outputPaths = (
			);
			runOnlyForDeploymentPostprocessing = 0;
			shellPath = /bin/sh;
			shellScript = "\"${SRCROOT}/Pods/Target Support Files/Pods-SambaTechMoviedUITests/Pods-SambaTechMoviedUITests-resources.sh\"\n";
			showEnvVarsInLog = 0;
		};
		68C303E0DE2FD87B318D814F /* 📦 Copy Pods Resources */ = {
			isa = PBXShellScriptBuildPhase;
			buildActionMask = 2147483647;
			files = (
			);
			inputPaths = (
			);
			name = "📦 Copy Pods Resources";
			outputPaths = (
			);
			runOnlyForDeploymentPostprocessing = 0;
			shellPath = /bin/sh;
			shellScript = "\"${SRCROOT}/Pods/Target Support Files/Pods-SambaTechMovied/Pods-SambaTechMovied-resources.sh\"\n";
			showEnvVarsInLog = 0;
		};
		9A5191F26BE77FE9500872E7 /* 📦 Check Pods Manifest.lock */ = {
			isa = PBXShellScriptBuildPhase;
			buildActionMask = 2147483647;
			files = (
			);
			inputPaths = (
			);
			name = "📦 Check Pods Manifest.lock";
			outputPaths = (
			);
			runOnlyForDeploymentPostprocessing = 0;
			shellPath = /bin/sh;
			shellScript = "diff \"${PODS_ROOT}/../Podfile.lock\" \"${PODS_ROOT}/Manifest.lock\" > /dev/null\nif [[ $? != 0 ]] ; then\n    cat << EOM\nerror: The sandbox is not in sync with the Podfile.lock. Run 'pod install' or update your CocoaPods installation.\nEOM\n    exit 1\nfi\n";
			showEnvVarsInLog = 0;
		};
		A6DCC296D25F5E125E51F228 /* 📦 Embed Pods Frameworks */ = {
			isa = PBXShellScriptBuildPhase;
			buildActionMask = 2147483647;
			files = (
			);
			inputPaths = (
			);
			name = "📦 Embed Pods Frameworks";
			outputPaths = (
			);
			runOnlyForDeploymentPostprocessing = 0;
			shellPath = /bin/sh;
			shellScript = "\"${SRCROOT}/Pods/Target Support Files/Pods-SambaTechMovied/Pods-SambaTechMovied-frameworks.sh\"\n";
			showEnvVarsInLog = 0;
		};
		BCB94AA8B71549FBEDA46A0F /* 📦 Check Pods Manifest.lock */ = {
			isa = PBXShellScriptBuildPhase;
			buildActionMask = 2147483647;
			files = (
			);
			inputPaths = (
			);
			name = "📦 Check Pods Manifest.lock";
			outputPaths = (
			);
			runOnlyForDeploymentPostprocessing = 0;
			shellPath = /bin/sh;
			shellScript = "diff \"${PODS_ROOT}/../Podfile.lock\" \"${PODS_ROOT}/Manifest.lock\" > /dev/null\nif [[ $? != 0 ]] ; then\n    cat << EOM\nerror: The sandbox is not in sync with the Podfile.lock. Run 'pod install' or update your CocoaPods installation.\nEOM\n    exit 1\nfi\n";
			showEnvVarsInLog = 0;
		};
		C09AC9495B67F2782E618866 /* 📦 Embed Pods Frameworks */ = {
			isa = PBXShellScriptBuildPhase;
			buildActionMask = 2147483647;
			files = (
			);
			inputPaths = (
			);
			name = "📦 Embed Pods Frameworks";
			outputPaths = (
			);
			runOnlyForDeploymentPostprocessing = 0;
			shellPath = /bin/sh;
			shellScript = "\"${SRCROOT}/Pods/Target Support Files/Pods-SambaTechMoviedTests/Pods-SambaTechMoviedTests-frameworks.sh\"\n";
			showEnvVarsInLog = 0;
		};
/* End PBXShellScriptBuildPhase section */

/* Begin PBXSourcesBuildPhase section */
		B169A5801C865672000A2111 /* Sources */ = {
			isa = PBXSourcesBuildPhase;
			buildActionMask = 2147483647;
			files = (
				B176C91A1C89064300CDF064 /* TrailherWebViewViewController.swift in Sources */,
				B13942A71CDAC1E2009B0C9D /* TOPhoto.swift in Sources */,
				B169A5D11C867A64000A2111 /* SpokenLanguage.swift in Sources */,
				B169A5BF1C866A35000A2111 /* Settings.swift in Sources */,
				B169A5C11C866B81000A2111 /* Images.swift in Sources */,
				B192B14F1CE11855004223E3 /* teste.m in Sources */,
				B120CBDC1C87D6A50051A42B /* UIColor+Hex.swift in Sources */,
				B169A5C91C8673A7000A2111 /* DetailMovie.swift in Sources */,
				B176C9161C88FEBF00CDF064 /* TrailerTableViewController.swift in Sources */,
				B169A5C71C867022000A2111 /* Movie.swift in Sources */,
				B120CBD01C8797480051A42B /* cellCategory.swift in Sources */,
				B120CBD81C87C8AF0051A42B /* Util.swift in Sources */,
				B169A5C51C866F3A000A2111 /* TOMovieLIst.swift in Sources */,
				B169A5CD1C867901000A2111 /* ProductionCompanie.swift in Sources */,
				B120CBDD1C87D6A50051A42B /* UtilColors.swift in Sources */,
				B13942A31CDABF9B009B0C9D /* Posters.swift in Sources */,
				B176C9141C88FBB900CDF064 /* Trailer.swift in Sources */,
				B13942A51CDAC18C009B0C9D /* Backdrop.swift in Sources */,
				B169A58A1C865672000A2111 /* ViewController.swift in Sources */,
				8131EE801C86FE0B000EADD2 /* RestMovie.swift in Sources */,
				B169A5CF1C8679A2000A2111 /* ProductionCountrie.swift in Sources */,
				B1F3D3791C95BD6600B33728 /* UtilDate.swift in Sources */,
				B120CBDE1C87D6A50051A42B /* UtilFont.swift in Sources */,
				B1C728881CE1291C0085E341 /* PhotosCollectionViewController.swift in Sources */,
				B120CBD41C879DD40051A42B /* FactoryStoryboard.swift in Sources */,
				B120CBD61C87A1980051A42B /* DetailMovieViewController.swift in Sources */,
				B13942A91CDAD366009B0C9D /* ViewImagesController.swift in Sources */,
				B176C9181C88FEE900CDF064 /* TrailerTableViewCell.swift in Sources */,
				B169A5881C865672000A2111 /* AppDelegate.swift in Sources */,
				B169A5CB1C867832000A2111 /* Genre.swift in Sources */,
				B176C9121C88FBA500CDF064 /* TOTrailer.swift in Sources */,
				B176C90F1C88E64F00CDF064 /* UtilNetwork.swift in Sources */,
			);
			runOnlyForDeploymentPostprocessing = 0;
		};
		B169A5941C865675000A2111 /* Sources */ = {
			isa = PBXSourcesBuildPhase;
			buildActionMask = 2147483647;
			files = (
				B169A59D1C865675000A2111 /* SambaTechMoviedTests.swift in Sources */,
			);
			runOnlyForDeploymentPostprocessing = 0;
		};
		B169A59F1C865675000A2111 /* Sources */ = {
			isa = PBXSourcesBuildPhase;
			buildActionMask = 2147483647;
			files = (
				B169A5A81C865675000A2111 /* SambaTechMoviedUITests.swift in Sources */,
			);
			runOnlyForDeploymentPostprocessing = 0;
		};
/* End PBXSourcesBuildPhase section */

/* Begin PBXTargetDependency section */
		B169A59A1C865675000A2111 /* PBXTargetDependency */ = {
			isa = PBXTargetDependency;
			target = B169A5831C865672000A2111 /* SambaTechMovied */;
			targetProxy = B169A5991C865675000A2111 /* PBXContainerItemProxy */;
		};
		B169A5A51C865675000A2111 /* PBXTargetDependency */ = {
			isa = PBXTargetDependency;
			target = B169A5831C865672000A2111 /* SambaTechMovied */;
			targetProxy = B169A5A41C865675000A2111 /* PBXContainerItemProxy */;
		};
/* End PBXTargetDependency section */

/* Begin PBXVariantGroup section */
		B120CBC71C8791EA0051A42B /* LaunchScreen.storyboard */ = {
			isa = PBXVariantGroup;
			children = (
				B120CBC81C8791EA0051A42B /* Base */,
			);
			name = LaunchScreen.storyboard;
			sourceTree = "<group>";
		};
		B120CBC91C8791EA0051A42B /* Main.storyboard */ = {
			isa = PBXVariantGroup;
			children = (
				B120CBCA1C8791EA0051A42B /* Base */,
			);
			name = Main.storyboard;
			sourceTree = "<group>";
		};
/* End PBXVariantGroup section */

/* Begin XCBuildConfiguration section */
		B169A5AA1C865675000A2111 /* Debug */ = {
			isa = XCBuildConfiguration;
			buildSettings = {
				ALWAYS_SEARCH_USER_PATHS = NO;
				CLANG_CXX_LANGUAGE_STANDARD = "gnu++0x";
				CLANG_CXX_LIBRARY = "libc++";
				CLANG_ENABLE_MODULES = YES;
				CLANG_ENABLE_OBJC_ARC = YES;
				CLANG_WARN_BOOL_CONVERSION = YES;
				CLANG_WARN_CONSTANT_CONVERSION = YES;
				CLANG_WARN_DIRECT_OBJC_ISA_USAGE = YES_ERROR;
				CLANG_WARN_EMPTY_BODY = YES;
				CLANG_WARN_ENUM_CONVERSION = YES;
				CLANG_WARN_INT_CONVERSION = YES;
				CLANG_WARN_OBJC_ROOT_CLASS = YES_ERROR;
				CLANG_WARN_UNREACHABLE_CODE = YES;
				CLANG_WARN__DUPLICATE_METHOD_MATCH = YES;
				"CODE_SIGN_IDENTITY[sdk=iphoneos*]" = "iPhone Developer";
				COPY_PHASE_STRIP = NO;
				DEBUG_INFORMATION_FORMAT = dwarf;
				ENABLE_STRICT_OBJC_MSGSEND = YES;
				ENABLE_TESTABILITY = YES;
				GCC_C_LANGUAGE_STANDARD = gnu99;
				GCC_DYNAMIC_NO_PIC = NO;
				GCC_NO_COMMON_BLOCKS = YES;
				GCC_OPTIMIZATION_LEVEL = 0;
				GCC_PREPROCESSOR_DEFINITIONS = (
					"DEBUG=1",
					"$(inherited)",
				);
				GCC_WARN_64_TO_32_BIT_CONVERSION = YES;
				GCC_WARN_ABOUT_RETURN_TYPE = YES_ERROR;
				GCC_WARN_UNDECLARED_SELECTOR = YES;
				GCC_WARN_UNINITIALIZED_AUTOS = YES_AGGRESSIVE;
				GCC_WARN_UNUSED_FUNCTION = YES;
				GCC_WARN_UNUSED_VARIABLE = YES;
				IPHONEOS_DEPLOYMENT_TARGET = 9.2;
				MTL_ENABLE_DEBUG_INFO = YES;
				ONLY_ACTIVE_ARCH = YES;
				SDKROOT = iphoneos;
				SWIFT_OPTIMIZATION_LEVEL = "-Onone";
			};
			name = Debug;
		};
		B169A5AB1C865675000A2111 /* Release */ = {
			isa = XCBuildConfiguration;
			buildSettings = {
				ALWAYS_SEARCH_USER_PATHS = NO;
				CLANG_CXX_LANGUAGE_STANDARD = "gnu++0x";
				CLANG_CXX_LIBRARY = "libc++";
				CLANG_ENABLE_MODULES = YES;
				CLANG_ENABLE_OBJC_ARC = YES;
				CLANG_WARN_BOOL_CONVERSION = YES;
				CLANG_WARN_CONSTANT_CONVERSION = YES;
				CLANG_WARN_DIRECT_OBJC_ISA_USAGE = YES_ERROR;
				CLANG_WARN_EMPTY_BODY = YES;
				CLANG_WARN_ENUM_CONVERSION = YES;
				CLANG_WARN_INT_CONVERSION = YES;
				CLANG_WARN_OBJC_ROOT_CLASS = YES_ERROR;
				CLANG_WARN_UNREACHABLE_CODE = YES;
				CLANG_WARN__DUPLICATE_METHOD_MATCH = YES;
				"CODE_SIGN_IDENTITY[sdk=iphoneos*]" = "iPhone Developer";
				COPY_PHASE_STRIP = NO;
				DEBUG_INFORMATION_FORMAT = "dwarf-with-dsym";
				ENABLE_NS_ASSERTIONS = NO;
				ENABLE_STRICT_OBJC_MSGSEND = YES;
				GCC_C_LANGUAGE_STANDARD = gnu99;
				GCC_NO_COMMON_BLOCKS = YES;
				GCC_WARN_64_TO_32_BIT_CONVERSION = YES;
				GCC_WARN_ABOUT_RETURN_TYPE = YES_ERROR;
				GCC_WARN_UNDECLARED_SELECTOR = YES;
				GCC_WARN_UNINITIALIZED_AUTOS = YES_AGGRESSIVE;
				GCC_WARN_UNUSED_FUNCTION = YES;
				GCC_WARN_UNUSED_VARIABLE = YES;
				IPHONEOS_DEPLOYMENT_TARGET = 9.2;
				MTL_ENABLE_DEBUG_INFO = NO;
				SDKROOT = iphoneos;
				VALIDATE_PRODUCT = YES;
			};
			name = Release;
		};
		B169A5AD1C865675000A2111 /* Debug */ = {
			isa = XCBuildConfiguration;
			baseConfigurationReference = 45D10C52FEAB2E3A9F28E409 /* Pods-SambaTechMovied.debug.xcconfig */;
			buildSettings = {
				ASSETCATALOG_COMPILER_APPICON_NAME = AppIcon;
				CLANG_ENABLE_MODULES = YES;
				CODE_SIGN_IDENTITY = "iPhone Developer";
				"CODE_SIGN_IDENTITY[sdk=iphoneos*]" = "iPhone Developer";
				INFOPLIST_FILE = SambaTechMovied/Info.plist;
				IPHONEOS_DEPLOYMENT_TARGET = 8.2;
				LD_RUNPATH_SEARCH_PATHS = "$(inherited) @executable_path/Frameworks";
				PRODUCT_BUNDLE_IDENTIFIER = br.com.sambatech.SambaTechMovied;
				PRODUCT_NAME = "$(TARGET_NAME)";
				PROVISIONING_PROFILE = "";
				SWIFT_OBJC_BRIDGING_HEADER = "SambaTechMovied/SambaTechMovied-Bridging-Header.h";
				SWIFT_OPTIMIZATION_LEVEL = "-Onone";
			};
			name = Debug;
		};
		B169A5AE1C865675000A2111 /* Release */ = {
			isa = XCBuildConfiguration;
			baseConfigurationReference = 6E4BFF3220D938E66CCC71E6 /* Pods-SambaTechMovied.release.xcconfig */;
			buildSettings = {
				ASSETCATALOG_COMPILER_APPICON_NAME = AppIcon;
				CLANG_ENABLE_MODULES = YES;
				CODE_SIGN_IDENTITY = "iPhone Developer";
				"CODE_SIGN_IDENTITY[sdk=iphoneos*]" = "iPhone Developer";
				INFOPLIST_FILE = SambaTechMovied/Info.plist;
				IPHONEOS_DEPLOYMENT_TARGET = 8.2;
				LD_RUNPATH_SEARCH_PATHS = "$(inherited) @executable_path/Frameworks";
				PRODUCT_BUNDLE_IDENTIFIER = br.com.sambatech.SambaTechMovied;
				PRODUCT_NAME = "$(TARGET_NAME)";
				PROVISIONING_PROFILE = "";
				SWIFT_OBJC_BRIDGING_HEADER = "SambaTechMovied/SambaTechMovied-Bridging-Header.h";
			};
			name = Release;
		};
		B169A5B01C865675000A2111 /* Debug */ = {
			isa = XCBuildConfiguration;
			baseConfigurationReference = E6F8D32E441377F1B28230DE /* Pods-SambaTechMoviedTests.debug.xcconfig */;
			buildSettings = {
				BUNDLE_LOADER = "$(TEST_HOST)";
				INFOPLIST_FILE = SambaTechMoviedTests/Info.plist;
				LD_RUNPATH_SEARCH_PATHS = "$(inherited) @executable_path/Frameworks @loader_path/Frameworks";
				PRODUCT_BUNDLE_IDENTIFIER = br.com.sambatech.SambaTechMoviedTests;
				PRODUCT_NAME = "$(TARGET_NAME)";
				TEST_HOST = "$(BUILT_PRODUCTS_DIR)/SambaTechMovied.app/SambaTechMovied";
			};
			name = Debug;
		};
		B169A5B11C865675000A2111 /* Release */ = {
			isa = XCBuildConfiguration;
			baseConfigurationReference = 54D5ECCEE6E0EFB9B091F399 /* Pods-SambaTechMoviedTests.release.xcconfig */;
			buildSettings = {
				BUNDLE_LOADER = "$(TEST_HOST)";
				INFOPLIST_FILE = SambaTechMoviedTests/Info.plist;
				LD_RUNPATH_SEARCH_PATHS = "$(inherited) @executable_path/Frameworks @loader_path/Frameworks";
				PRODUCT_BUNDLE_IDENTIFIER = br.com.sambatech.SambaTechMoviedTests;
				PRODUCT_NAME = "$(TARGET_NAME)";
				TEST_HOST = "$(BUILT_PRODUCTS_DIR)/SambaTechMovied.app/SambaTechMovied";
			};
			name = Release;
		};
		B169A5B31C865675000A2111 /* Debug */ = {
			isa = XCBuildConfiguration;
			baseConfigurationReference = 19EEC04C2835CCCD90ABF457 /* Pods-SambaTechMoviedUITests.debug.xcconfig */;
			buildSettings = {
				INFOPLIST_FILE = SambaTechMoviedUITests/Info.plist;
				LD_RUNPATH_SEARCH_PATHS = "$(inherited) @executable_path/Frameworks @loader_path/Frameworks";
				PRODUCT_BUNDLE_IDENTIFIER = br.com.sambatech.SambaTechMoviedUITests;
				PRODUCT_NAME = "$(TARGET_NAME)";
				TEST_TARGET_NAME = SambaTechMovied;
				USES_XCTRUNNER = YES;
			};
			name = Debug;
		};
		B169A5B41C865675000A2111 /* Release */ = {
			isa = XCBuildConfiguration;
			baseConfigurationReference = 10C0B83C749CB3477AD8D694 /* Pods-SambaTechMoviedUITests.release.xcconfig */;
			buildSettings = {
				INFOPLIST_FILE = SambaTechMoviedUITests/Info.plist;
				LD_RUNPATH_SEARCH_PATHS = "$(inherited) @executable_path/Frameworks @loader_path/Frameworks";
				PRODUCT_BUNDLE_IDENTIFIER = br.com.sambatech.SambaTechMoviedUITests;
				PRODUCT_NAME = "$(TARGET_NAME)";
				TEST_TARGET_NAME = SambaTechMovied;
				USES_XCTRUNNER = YES;
			};
			name = Release;
		};
/* End XCBuildConfiguration section */

/* Begin XCConfigurationList section */
		B169A57F1C865671000A2111 /* Build configuration list for PBXProject "SambaTechMovied" */ = {
			isa = XCConfigurationList;
			buildConfigurations = (
				B169A5AA1C865675000A2111 /* Debug */,
				B169A5AB1C865675000A2111 /* Release */,
			);
			defaultConfigurationIsVisible = 0;
			defaultConfigurationName = Release;
		};
		B169A5AC1C865675000A2111 /* Build configuration list for PBXNativeTarget "SambaTechMovied" */ = {
			isa = XCConfigurationList;
			buildConfigurations = (
				B169A5AD1C865675000A2111 /* Debug */,
				B169A5AE1C865675000A2111 /* Release */,
			);
			defaultConfigurationIsVisible = 0;
			defaultConfigurationName = Release;
		};
		B169A5AF1C865675000A2111 /* Build configuration list for PBXNativeTarget "SambaTechMoviedTests" */ = {
			isa = XCConfigurationList;
			buildConfigurations = (
				B169A5B01C865675000A2111 /* Debug */,
				B169A5B11C865675000A2111 /* Release */,
			);
			defaultConfigurationIsVisible = 0;
			defaultConfigurationName = Release;
		};
		B169A5B21C865675000A2111 /* Build configuration list for PBXNativeTarget "SambaTechMoviedUITests" */ = {
			isa = XCConfigurationList;
			buildConfigurations = (
				B169A5B31C865675000A2111 /* Debug */,
				B169A5B41C865675000A2111 /* Release */,
			);
			defaultConfigurationIsVisible = 0;
			defaultConfigurationName = Release;
		};
/* End XCConfigurationList section */
	};
	rootObject = B169A57C1C865671000A2111 /* Project object */;
}
